
Microsoft Visual Studio Solution File, Format Version 12.00
# Visual Studio Version 17
VisualStudioVersion = 17.11.35222.181
MinimumVisualStudioVersion = 10.0.40219.1
Project("{FAE04EC0-301F-11D3-BF4B-00C04F79EFBC}") = "TraversalCoreProject", "TraversalCoreProject\TraversalCoreProject.csproj", "{4CE32743-3CB7-4743-B38E-1B66A3388E78}"
EndProject
Global
	GlobalSection(SolutionConfigurationPlatforms) = preSolution
		Debug|Any CPU = Debug|Any CPU
		Release|Any CPU = Release|Any CPU
	EndGlobalSection
	GlobalSection(ProjectConfigurationPlatforms) = postSolution
		{4CE32743-3CB7-4743-B38E-1B66A3388E78}.Debug|Any CPU.ActiveCfg = Debug|Any CPU
		{4CE32743-3CB7-4743-B38E-1B66A3388E78}.Debug|Any CPU.Build.0 = Debug|Any CPU
		{4CE32743-3CB7-4743-B38E-1B66A3388E78}.Release|Any CPU.ActiveCfg = Release|Any CPU
		{4CE32743-3CB7-4743-B38E-1B66A3388E78}.Release|Any CPU.Build.0 = Release|Any CPU
	EndGlobalSection
	GlobalSection(SolutionProperties) = preSolution
		HideSolutionNode = FALSE
	EndGlobalSection
	GlobalSection(ExtensibilityGlobals) = postSolution
		SolutionGuid = {918232F9-1CAE-4F27-AA48-5BBF3FDD5C85}
	EndGlobalSection
EndGlobal
